<?xml version="1.0" encoding="UTF-8" standalone="yes" ?>
<CodeBlocks_project_file>
	<FileVersion major="1" minor="6" />
	<Project>
		<Option title="snake" />
		<Option pch_mode="2" />
		<Option compiler="gcc" />
		<Build>
			<Target title="Debug">
				<Option output="bin/Debug/snake" prefix_auto="1" extension_auto="1" />
				<Option object_output="obj/Debug/" />
				<Option type="1" />
				<Option compiler="gcc" />
				<Compiler>
					<Add option="-g" />
				</Compiler>
			</Target>
			<Target title="Release">
				<Option output="bin/Release/snake" prefix_auto="1" extension_auto="1" />
				<Option object_output="obj/Release/" />
				<Option type="1" />
				<Option compiler="gcc" />
				<Compiler>
					<Add option="-O2" />
				</Compiler>
				<Linker>
					<Add option="-s" />
				</Linker>
			</Target>
		</Build>
		<Compiler>
			<Add option="-Wall" />
		</Compiler>
		<Unit filename="common/WinApiHelp.c">
			<Option compilerVar="CC" />
		</Unit>
		<Unit filename="common/WinApiHelp.h" />
		<Unit filename="control/Gamecontrol.c">
			<Option compilerVar="CC" />
		</Unit>
		<Unit filename="control/Gamecontrol.h" />
		<Unit filename="main.c">
			<Option compilerVar="CC" />
		</Unit>
		<Unit filename="model/GameDate.c">
			<Option compilerVar="CC" />
		</Unit>
		<Unit filename="model/GameDate.h" />
		<Unit filename="view/ControlPanel.c">
			<Option compilerVar="CC" />
		</Unit>
		<Unit filename="view/ControlPanel.h" />
		<Unit filename="view/GamePanel.c">
			<Option compilerVar="CC" />
		</Unit>
		<Unit filename="view/GamePanel.h" />
		<Unit filename="view/KeyHandle.c">
			<Option compilerVar="CC" />
		</Unit>
		<Unit filename="view/KeyHandle.h" />
		<Unit filename="view/SettingPanel.c">
			<Option compilerVar="CC" />
		</Unit>
		<Unit filename="view/SettingPanel.h" />
		<Extensions>
			<code_completion />
			<envvars />
			<debugger />
			<lib_finder disable_auto="1" />
			<DoxyBlocks>
				<comment_style block="0" line="0" />
				<doxyfile_project output_language="" />
				<doxyfile_build />
				<doxyfile_warnings />
				<doxyfile_output />
				<doxyfile_dot />
				<general />
			</DoxyBlocks>
		</Extensions>
	</Project>
</CodeBlocks_project_file>
